
Microsoft Visual Studio Solution File, Format Version 12.00
# Visual Studio Version 17
VisualStudioVersion = 17.5.002.0
MinimumVisualStudioVersion = 10.0.40219.1
Project("{9A19103F-16F7-4668-BE54-9A1E7A4F7556}") = "br02", "br02.csproj", "{14E199B3-A2FD-4D6D-8B61-34EA0001B92A}"
EndProject
Global
	GlobalSection(SolutionConfigurationPlatforms) = preSolution
		Debug|Any CPU = Debug|Any CPU
		Release|Any CPU = Release|Any CPU
	EndGlobalSection
	GlobalSection(ProjectConfigurationPlatforms) = postSolution
		{14E199B3-A2FD-4D6D-8B61-34EA0001B92A}.Debug|Any CPU.ActiveCfg = Debug|Any CPU
		{14E199B3-A2FD-4D6D-8B61-34EA0001B92A}.Debug|Any CPU.Build.0 = Debug|Any CPU
		{14E199B3-A2FD-4D6D-8B61-34EA0001B92A}.Release|Any CPU.ActiveCfg = Release|Any CPU
		{14E199B3-A2FD-4D6D-8B61-34EA0001B92A}.Release|Any CPU.Build.0 = Release|Any CPU
	EndGlobalSection
	GlobalSection(SolutionProperties) = preSolution
		HideSolutionNode = FALSE
	EndGlobalSection
	GlobalSection(ExtensibilityGlobals) = postSolution
		SolutionGuid = {77E402BD-544E-4C00-8528-12B50D5E856D}
	EndGlobalSection
EndGlobal
